
Microsoft Visual Studio Solution File, Format Version 12.00
# Visual Studio Version 16
VisualStudioVersion = 25.0.1700.0
MinimumVisualStudioVersion = 10.0.40219.1
Project("{FAE04EC0-301F-11D3-BF4B-00C04F79EFBC}") = "Noori_Course_Enrollment", "Noori_Course_Enrollment\Noori_Course_Enrollment.csproj", "{63B7CFCF-D2AF-4913-B4FD-889457E2FC0A}"
EndProject
Global
	GlobalSection(SolutionConfigurationPlatforms) = preSolution
		Debug|Any CPU = Debug|Any CPU
		Release|Any CPU = Release|Any CPU
	EndGlobalSection
	GlobalSection(ProjectConfigurationPlatforms) = postSolution
		{63B7CFCF-D2AF-4913-B4FD-889457E2FC0A}.Debug|Any CPU.ActiveCfg = Debug|Any CPU
		{63B7CFCF-D2AF-4913-B4FD-889457E2FC0A}.Debug|Any CPU.Build.0 = Debug|Any CPU
		{63B7CFCF-D2AF-4913-B4FD-889457E2FC0A}.Release|Any CPU.ActiveCfg = Release|Any CPU
		{63B7CFCF-D2AF-4913-B4FD-889457E2FC0A}.Release|Any CPU.Build.0 = Release|Any CPU
	EndGlobalSection
	GlobalSection(SolutionProperties) = preSolution
		HideSolutionNode = FALSE
	EndGlobalSection
	GlobalSection(ExtensibilityGlobals) = postSolution
		SolutionGuid = {ED5EC434-8344-40FF-B627-D92153D32C19}
	EndGlobalSection
EndGlobal
